
Microsoft Visual Studio Solution File, Format Version 12.00
# Visual Studio Version 16
VisualStudioVersion = 16.0.29020.237
MinimumVisualStudioVersion = 10.0.40219.1
Project("{E53339B2-1760-4266-BCC7-CA923CBCF16C}") = "docker-compose", "docker-compose.dcproj", "{FEA0C318-FFED-4D39-8781-265718CA43DD}"
EndProject
Project("{2150E333-8FDC-42A3-9474-1A3956D46DE8}") = "src", "src", "{932D8224-11F6-4D07-B109-DA28AD288A63}"
EndProject
Project("{2150E333-8FDC-42A3-9474-1A3956D46DE8}") = "Solution Items", "Solution Items", "{3AF739CD-81D8-428D-A08A-0A58372DEBF6}"
	ProjectSection(SolutionItems) = preProject
		.env = .env
		Local.testsettings = Local.testsettings
		NuGet.config = NuGet.config
	EndProjectSection
EndProject
Project("{2150E333-8FDC-42A3-9474-1A3956D46DE8}") = "Services", "Services", "{91CF7717-08AB-4E65-B10E-0B426F01E2E8}"
EndProject
Project("{2150E333-8FDC-42A3-9474-1A3956D46DE8}") = "Web Apps", "Web Apps", "{E279BF0F-7F66-4F3A-A3AB-2CDA66C1CD04}"
EndProject
Project("{2150E333-8FDC-42A3-9474-1A3956D46DE8}") = "Identity", "Identity", "{24CD3B53-141E-4A07-9B0D-796641E1CF78}"
EndProject
Project("{9A19103F-16F7-4668-BE54-9A1E7A4F7556}") = "Identity.API", "Services\Identity\Identity.API\Identity.API.csproj", "{A579E108-5445-403D-A407-339AC4D1611B}"
EndProject
Project("{2150E333-8FDC-42A3-9474-1A3956D46DE8}") = "BuildingBlocks", "BuildingBlocks", "{DB0EFB20-B024-4E5E-A75C-52143C131D25}"
EndProject
Project("{2150E333-8FDC-42A3-9474-1A3956D46DE8}") = "EventBus", "EventBus", "{807BB76E-B2BB-47A2-A57B-3D1B20FF5E7F}"
EndProject
Project("{9A19103F-16F7-4668-BE54-9A1E7A4F7556}") = "IntegrationEventLogEF", "BuildingBlocks\EventBus\IntegrationEventLogEF\IntegrationEventLogEF.csproj", "{9EE28E45-1533-472B-8267-56C48855BA0E}"
EndProject
Project("{9A19103F-16F7-4668-BE54-9A1E7A4F7556}") = "WebStatus", "Web\WebStatus\WebStatus.csproj", "{C0A7918D-B4F2-4E7F-8DE2-1E5279EF079F}"
EndProject
Project("{2150E333-8FDC-42A3-9474-1A3956D46DE8}") = "WebHost", "WebHost", "{1815B651-941C-466B-AE33-D1D7EEB8F77F}"
EndProject
Project("{9A19103F-16F7-4668-BE54-9A1E7A4F7556}") = "TemplateWebHost.Customization", "BuildingBlocks\WebHostCustomization\WebHost.Customization\TemplateWebHost.Customization.csproj", "{15F4B3AA-89B6-4A0D-9051-414305974781}"
EndProject
Project("{2150E333-8FDC-42A3-9474-1A3956D46DE8}") = "ApiGateways", "ApiGateways", "{77849D35-37D4-4802-81DC-9477B2775A40}"
EndProject
Project("{2150E333-8FDC-42A3-9474-1A3956D46DE8}") = "Template1", "Template1", "{BA730E2C-E3A8-4ADB-81D0-CDA9DE105737}"
EndProject
Project("{9A19103F-16F7-4668-BE54-9A1E7A4F7556}") = "Template1.API", "Services\Template1\Template1.API\Template1.API.csproj", "{12430C28-18F9-4EFF-8050-409766C51D28}"
EndProject
Project("{2150E333-8FDC-42A3-9474-1A3956D46DE8}") = "GraphQL", "GraphQL", "{BE9B4996-7C77-4397-98DE-F72539B44014}"
EndProject
Project("{9A19103F-16F7-4668-BE54-9A1E7A4F7556}") = "GraphQL.API", "ApiGateways\GraphQL\GraphQL.API\GraphQL.API.csproj", "{8669FC3D-F5F2-4288-981C-8288181E0114}"
EndProject
Global
	GlobalSection(SolutionConfigurationPlatforms) = preSolution
		Ad-Hoc|Any CPU = Ad-Hoc|Any CPU
		Ad-Hoc|ARM = Ad-Hoc|ARM
		Ad-Hoc|iPhone = Ad-Hoc|iPhone
		Ad-Hoc|iPhoneSimulator = Ad-Hoc|iPhoneSimulator
		Ad-Hoc|x64 = Ad-Hoc|x64
		Ad-Hoc|x86 = Ad-Hoc|x86
		AppStore|Any CPU = AppStore|Any CPU
		AppStore|ARM = AppStore|ARM
		AppStore|iPhone = AppStore|iPhone
		AppStore|iPhoneSimulator = AppStore|iPhoneSimulator
		AppStore|x64 = AppStore|x64
		AppStore|x86 = AppStore|x86
		Debug|Any CPU = Debug|Any CPU
		Debug|ARM = Debug|ARM
		Debug|iPhone = Debug|iPhone
		Debug|iPhoneSimulator = Debug|iPhoneSimulator
		Debug|x64 = Debug|x64
		Debug|x86 = Debug|x86
		Release|Any CPU = Release|Any CPU
		Release|ARM = Release|ARM
		Release|iPhone = Release|iPhone
		Release|iPhoneSimulator = Release|iPhoneSimulator
		Release|x64 = Release|x64
		Release|x86 = Release|x86
	EndGlobalSection
	GlobalSection(ProjectConfigurationPlatforms) = postSolution
		{FEA0C318-FFED-4D39-8781-265718CA43DD}.Ad-Hoc|Any CPU.ActiveCfg = Debug|Any CPU
		{FEA0C318-FFED-4D39-8781-265718CA43DD}.Ad-Hoc|Any CPU.Build.0 = Debug|Any CPU
		{FEA0C318-FFED-4D39-8781-265718CA43DD}.Ad-Hoc|ARM.ActiveCfg = Debug|Any CPU
		{FEA0C318-FFED-4D39-8781-265718CA43DD}.Ad-Hoc|ARM.Build.0 = Debug|Any CPU
		{FEA0C318-FFED-4D39-8781-265718CA43DD}.Ad-Hoc|iPhone.ActiveCfg = Debug|Any CPU
		{FEA0C318-FFED-4D39-8781-265718CA43DD}.Ad-Hoc|iPhone.Build.0 = Debug|Any CPU
		{FEA0C318-FFED-4D39-8781-265718CA43DD}.Ad-Hoc|iPhoneSimulator.ActiveCfg = Debug|Any CPU
		{FEA0C318-FFED-4D39-8781-265718CA43DD}.Ad-Hoc|iPhoneSimulator.Build.0 = Debug|Any CPU
		{FEA0C318-FFED-4D39-8781-265718CA43DD}.Ad-Hoc|x64.ActiveCfg = Debug|Any CPU
		{FEA0C318-FFED-4D39-8781-265718CA43DD}.Ad-Hoc|x64.Build.0 = Debug|Any CPU
		{FEA0C318-FFED-4D39-8781-265718CA43DD}.Ad-Hoc|x86.ActiveCfg = Debug|Any CPU
		{FEA0C318-FFED-4D39-8781-265718CA43DD}.Ad-Hoc|x86.Build.0 = Debug|Any CPU
		{FEA0C318-FFED-4D39-8781-265718CA43DD}.AppStore|Any CPU.ActiveCfg = Debug|Any CPU
		{FEA0C318-FFED-4D39-8781-265718CA43DD}.AppStore|Any CPU.Build.0 = Debug|Any CPU
		{FEA0C318-FFED-4D39-8781-265718CA43DD}.AppStore|ARM.ActiveCfg = Debug|Any CPU
		{FEA0C318-FFED-4D39-8781-265718CA43DD}.AppStore|ARM.Build.0 = Debug|Any CPU
		{FEA0C318-FFED-4D39-8781-265718CA43DD}.AppStore|iPhone.ActiveCfg = Debug|Any CPU
		{FEA0C318-FFED-4D39-8781-265718CA43DD}.AppStore|iPhone.Build.0 = Debug|Any CPU
		{FEA0C318-FFED-4D39-8781-265718CA43DD}.AppStore|iPhoneSimulator.ActiveCfg = Debug|Any CPU
		{FEA0C318-FFED-4D39-8781-265718CA43DD}.AppStore|iPhoneSimulator.Build.0 = Debug|Any CPU
		{FEA0C318-FFED-4D39-8781-265718CA43DD}.AppStore|x64.ActiveCfg = Debug|Any CPU
		{FEA0C318-FFED-4D39-8781-265718CA43DD}.AppStore|x64.Build.0 = Debug|Any CPU
		{FEA0C318-FFED-4D39-8781-265718CA43DD}.AppStore|x86.ActiveCfg = Debug|Any CPU
		{FEA0C318-FFED-4D39-8781-265718CA43DD}.AppStore|x86.Build.0 = Debug|Any CPU
		{FEA0C318-FFED-4D39-8781-265718CA43DD}.Debug|Any CPU.ActiveCfg = Debug|Any CPU
		{FEA0C318-FFED-4D39-8781-265718CA43DD}.Debug|Any CPU.Build.0 = Debug|Any CPU
		{FEA0C318-FFED-4D39-8781-265718CA43DD}.Debug|ARM.ActiveCfg = Debug|Any CPU
		{FEA0C318-FFED-4D39-8781-265718CA43DD}.Debug|ARM.Build.0 = Debug|Any CPU
		{FEA0C318-FFED-4D39-8781-265718CA43DD}.Debug|iPhone.ActiveCfg = Debug|Any CPU
		{FEA0C318-FFED-4D39-8781-265718CA43DD}.Debug|iPhone.Build.0 = Debug|Any CPU
		{FEA0C318-FFED-4D39-8781-265718CA43DD}.Debug|iPhoneSimulator.ActiveCfg = Debug|Any CPU
		{FEA0C318-FFED-4D39-8781-265718CA43DD}.Debug|iPhoneSimulator.Build.0 = Debug|Any CPU
		{FEA0C318-FFED-4D39-8781-265718CA43DD}.Debug|x64.ActiveCfg = Debug|Any CPU
		{FEA0C318-FFED-4D39-8781-265718CA43DD}.Debug|x64.Build.0 = Debug|Any CPU
		{FEA0C318-FFED-4D39-8781-265718CA43DD}.Debug|x86.ActiveCfg = Debug|Any CPU
		{FEA0C318-FFED-4D39-8781-265718CA43DD}.Debug|x86.Build.0 = Debug|Any CPU
		{FEA0C318-FFED-4D39-8781-265718CA43DD}.Release|Any CPU.ActiveCfg = Release|Any CPU
		{FEA0C318-FFED-4D39-8781-265718CA43DD}.Release|Any CPU.Build.0 = Release|Any CPU
		{FEA0C318-FFED-4D39-8781-265718CA43DD}.Release|ARM.ActiveCfg = Release|Any CPU
		{FEA0C318-FFED-4D39-8781-265718CA43DD}.Release|ARM.Build.0 = Release|Any CPU
		{FEA0C318-FFED-4D39-8781-265718CA43DD}.Release|iPhone.ActiveCfg = Release|Any CPU
		{FEA0C318-FFED-4D39-8781-265718CA43DD}.Release|iPhone.Build.0 = Release|Any CPU
		{FEA0C318-FFED-4D39-8781-265718CA43DD}.Release|iPhoneSimulator.ActiveCfg = Release|Any CPU
		{FEA0C318-FFED-4D39-8781-265718CA43DD}.Release|iPhoneSimulator.Build.0 = Release|Any CPU
		{FEA0C318-FFED-4D39-8781-265718CA43DD}.Release|x64.ActiveCfg = Release|Any CPU
		{FEA0C318-FFED-4D39-8781-265718CA43DD}.Release|x64.Build.0 = Release|Any CPU
		{FEA0C318-FFED-4D39-8781-265718CA43DD}.Release|x86.ActiveCfg = Release|Any CPU
		{FEA0C318-FFED-4D39-8781-265718CA43DD}.Release|x86.Build.0 = Release|Any CPU
		{A579E108-5445-403D-A407-339AC4D1611B}.Ad-Hoc|Any CPU.ActiveCfg = Debug|Any CPU
		{A579E108-5445-403D-A407-339AC4D1611B}.Ad-Hoc|Any CPU.Build.0 = Debug|Any CPU
		{A579E108-5445-403D-A407-339AC4D1611B}.Ad-Hoc|ARM.ActiveCfg = Debug|Any CPU
		{A579E108-5445-403D-A407-339AC4D1611B}.Ad-Hoc|ARM.Build.0 = Debug|Any CPU
		{A579E108-5445-403D-A407-339AC4D1611B}.Ad-Hoc|iPhone.ActiveCfg = Debug|Any CPU
		{A579E108-5445-403D-A407-339AC4D1611B}.Ad-Hoc|iPhone.Build.0 = Debug|Any CPU
		{A579E108-5445-403D-A407-339AC4D1611B}.Ad-Hoc|iPhoneSimulator.ActiveCfg = Debug|Any CPU
		{A579E108-5445-403D-A407-339AC4D1611B}.Ad-Hoc|iPhoneSimulator.Build.0 = Debug|Any CPU
		{A579E108-5445-403D-A407-339AC4D1611B}.Ad-Hoc|x64.ActiveCfg = Debug|Any CPU
		{A579E108-5445-403D-A407-339AC4D1611B}.Ad-Hoc|x64.Build.0 = Debug|Any CPU
		{A579E108-5445-403D-A407-339AC4D1611B}.Ad-Hoc|x86.ActiveCfg = Debug|Any CPU
		{A579E108-5445-403D-A407-339AC4D1611B}.Ad-Hoc|x86.Build.0 = Debug|Any CPU
		{A579E108-5445-403D-A407-339AC4D1611B}.AppStore|Any CPU.ActiveCfg = Debug|Any CPU
		{A579E108-5445-403D-A407-339AC4D1611B}.AppStore|Any CPU.Build.0 = Debug|Any CPU
		{A579E108-5445-403D-A407-339AC4D1611B}.AppStore|ARM.ActiveCfg = Debug|Any CPU
		{A579E108-5445-403D-A407-339AC4D1611B}.AppStore|ARM.Build.0 = Debug|Any CPU
		{A579E108-5445-403D-A407-339AC4D1611B}.AppStore|iPhone.ActiveCfg = Debug|Any CPU
		{A579E108-5445-403D-A407-339AC4D1611B}.AppStore|iPhone.Build.0 = Debug|Any CPU
		{A579E108-5445-403D-A407-339AC4D1611B}.AppStore|iPhoneSimulator.ActiveCfg = Debug|Any CPU
		{A579E108-5445-403D-A407-339AC4D1611B}.AppStore|iPhoneSimulator.Build.0 = Debug|Any CPU
		{A579E108-5445-403D-A407-339AC4D1611B}.AppStore|x64.ActiveCfg = Debug|Any CPU
		{A579E108-5445-403D-A407-339AC4D1611B}.AppStore|x64.Build.0 = Debug|Any CPU
		{A579E108-5445-403D-A407-339AC4D1611B}.AppStore|x86.ActiveCfg = Debug|Any CPU
		{A579E108-5445-403D-A407-339AC4D1611B}.AppStore|x86.Build.0 = Debug|Any CPU
		{A579E108-5445-403D-A407-339AC4D1611B}.Debug|Any CPU.ActiveCfg = Debug|Any CPU
		{A579E108-5445-403D-A407-339AC4D1611B}.Debug|Any CPU.Build.0 = Debug|Any CPU
		{A579E108-5445-403D-A407-339AC4D1611B}.Debug|ARM.ActiveCfg = Debug|Any CPU
		{A579E108-5445-403D-A407-339AC4D1611B}.Debug|ARM.Build.0 = Debug|Any CPU
		{A579E108-5445-403D-A407-339AC4D1611B}.Debug|iPhone.ActiveCfg = Debug|Any CPU
		{A579E108-5445-403D-A407-339AC4D1611B}.Debug|iPhone.Build.0 = Debug|Any CPU
		{A579E108-5445-403D-A407-339AC4D1611B}.Debug|iPhoneSimulator.ActiveCfg = Debug|Any CPU
		{A579E108-5445-403D-A407-339AC4D1611B}.Debug|iPhoneSimulator.Build.0 = Debug|Any CPU
		{A579E108-5445-403D-A407-339AC4D1611B}.Debug|x64.ActiveCfg = Debug|Any CPU
		{A579E108-5445-403D-A407-339AC4D1611B}.Debug|x64.Build.0 = Debug|Any CPU
		{A579E108-5445-403D-A407-339AC4D1611B}.Debug|x86.ActiveCfg = Debug|Any CPU
		{A579E108-5445-403D-A407-339AC4D1611B}.Debug|x86.Build.0 = Debug|Any CPU
		{A579E108-5445-403D-A407-339AC4D1611B}.Release|Any CPU.ActiveCfg = Release|Any CPU
		{A579E108-5445-403D-A407-339AC4D1611B}.Release|Any CPU.Build.0 = Release|Any CPU
		{A579E108-5445-403D-A407-339AC4D1611B}.Release|ARM.ActiveCfg = Release|Any CPU
		{A579E108-5445-403D-A407-339AC4D1611B}.Release|ARM.Build.0 = Release|Any CPU
		{A579E108-5445-403D-A407-339AC4D1611B}.Release|iPhone.ActiveCfg = Release|Any CPU
		{A579E108-5445-403D-A407-339AC4D1611B}.Release|iPhone.Build.0 = Release|Any CPU
		{A579E108-5445-403D-A407-339AC4D1611B}.Release|iPhoneSimulator.ActiveCfg = Release|Any CPU
		{A579E108-5445-403D-A407-339AC4D1611B}.Release|iPhoneSimulator.Build.0 = Release|Any CPU
		{A579E108-5445-403D-A407-339AC4D1611B}.Release|x64.ActiveCfg = Release|Any CPU
		{A579E108-5445-403D-A407-339AC4D1611B}.Release|x64.Build.0 = Release|Any CPU
		{A579E108-5445-403D-A407-339AC4D1611B}.Release|x86.ActiveCfg = Release|Any CPU
		{A579E108-5445-403D-A407-339AC4D1611B}.Release|x86.Build.0 = Release|Any CPU
		{9EE28E45-1533-472B-8267-56C48855BA0E}.Ad-Hoc|Any CPU.ActiveCfg = Debug|Any CPU
		{9EE28E45-1533-472B-8267-56C48855BA0E}.Ad-Hoc|Any CPU.Build.0 = Debug|Any CPU
		{9EE28E45-1533-472B-8267-56C48855BA0E}.Ad-Hoc|ARM.ActiveCfg = Debug|Any CPU
		{9EE28E45-1533-472B-8267-56C48855BA0E}.Ad-Hoc|ARM.Build.0 = Debug|Any CPU
		{9EE28E45-1533-472B-8267-56C48855BA0E}.Ad-Hoc|iPhone.ActiveCfg = Debug|Any CPU
		{9EE28E45-1533-472B-8267-56C48855BA0E}.Ad-Hoc|iPhone.Build.0 = Debug|Any CPU
		{9EE28E45-1533-472B-8267-56C48855BA0E}.Ad-Hoc|iPhoneSimulator.ActiveCfg = Debug|Any CPU
		{9EE28E45-1533-472B-8267-56C48855BA0E}.Ad-Hoc|iPhoneSimulator.Build.0 = Debug|Any CPU
		{9EE28E45-1533-472B-8267-56C48855BA0E}.Ad-Hoc|x64.ActiveCfg = Debug|Any CPU
		{9EE28E45-1533-472B-8267-56C48855BA0E}.Ad-Hoc|x64.Build.0 = Debug|Any CPU
		{9EE28E45-1533-472B-8267-56C48855BA0E}.Ad-Hoc|x86.ActiveCfg = Debug|Any CPU
		{9EE28E45-1533-472B-8267-56C48855BA0E}.Ad-Hoc|x86.Build.0 = Debug|Any CPU
		{9EE28E45-1533-472B-8267-56C48855BA0E}.AppStore|Any CPU.ActiveCfg = Debug|Any CPU
		{9EE28E45-1533-472B-8267-56C48855BA0E}.AppStore|Any CPU.Build.0 = Debug|Any CPU
		{9EE28E45-1533-472B-8267-56C48855BA0E}.AppStore|ARM.ActiveCfg = Debug|Any CPU
		{9EE28E45-1533-472B-8267-56C48855BA0E}.AppStore|ARM.Build.0 = Debug|Any CPU
		{9EE28E45-1533-472B-8267-56C48855BA0E}.AppStore|iPhone.ActiveCfg = Debug|Any CPU
		{9EE28E45-1533-472B-8267-56C48855BA0E}.AppStore|iPhone.Build.0 = Debug|Any CPU
		{9EE28E45-1533-472B-8267-56C48855BA0E}.AppStore|iPhoneSimulator.ActiveCfg = Debug|Any CPU
		{9EE28E45-1533-472B-8267-56C48855BA0E}.AppStore|iPhoneSimulator.Build.0 = Debug|Any CPU
		{9EE28E45-1533-472B-8267-56C48855BA0E}.AppStore|x64.ActiveCfg = Debug|Any CPU
		{9EE28E45-1533-472B-8267-56C48855BA0E}.AppStore|x64.Build.0 = Debug|Any CPU
		{9EE28E45-1533-472B-8267-56C48855BA0E}.AppStore|x86.ActiveCfg = Debug|Any CPU
		{9EE28E45-1533-472B-8267-56C48855BA0E}.AppStore|x86.Build.0 = Debug|Any CPU
		{9EE28E45-1533-472B-8267-56C48855BA0E}.Debug|Any CPU.ActiveCfg = Debug|Any CPU
		{9EE28E45-1533-472B-8267-56C48855BA0E}.Debug|Any CPU.Build.0 = Debug|Any CPU
		{9EE28E45-1533-472B-8267-56C48855BA0E}.Debug|ARM.ActiveCfg = Debug|Any CPU
		{9EE28E45-1533-472B-8267-56C48855BA0E}.Debug|ARM.Build.0 = Debug|Any CPU
		{9EE28E45-1533-472B-8267-56C48855BA0E}.Debug|iPhone.ActiveCfg = Debug|Any CPU
		{9EE28E45-1533-472B-8267-56C48855BA0E}.Debug|iPhone.Build.0 = Debug|Any CPU
		{9EE28E45-1533-472B-8267-56C48855BA0E}.Debug|iPhoneSimulator.ActiveCfg = Debug|Any CPU
		{9EE28E45-1533-472B-8267-56C48855BA0E}.Debug|iPhoneSimulator.Build.0 = Debug|Any CPU
		{9EE28E45-1533-472B-8267-56C48855BA0E}.Debug|x64.ActiveCfg = Debug|Any CPU
		{9EE28E45-1533-472B-8267-56C48855BA0E}.Debug|x64.Build.0 = Debug|Any CPU
		{9EE28E45-1533-472B-8267-56C48855BA0E}.Debug|x86.ActiveCfg = Debug|Any CPU
		{9EE28E45-1533-472B-8267-56C48855BA0E}.Debug|x86.Build.0 = Debug|Any CPU
		{9EE28E45-1533-472B-8267-56C48855BA0E}.Release|Any CPU.ActiveCfg = Release|Any CPU
		{9EE28E45-1533-472B-8267-56C48855BA0E}.Release|Any CPU.Build.0 = Release|Any CPU
		{9EE28E45-1533-472B-8267-56C48855BA0E}.Release|ARM.ActiveCfg = Release|Any CPU
		{9EE28E45-1533-472B-8267-56C48855BA0E}.Release|ARM.Build.0 = Release|Any CPU
		{9EE28E45-1533-472B-8267-56C48855BA0E}.Release|iPhone.ActiveCfg = Release|Any CPU
		{9EE28E45-1533-472B-8267-56C48855BA0E}.Release|iPhone.Build.0 = Release|Any CPU
		{9EE28E45-1533-472B-8267-56C48855BA0E}.Release|iPhoneSimulator.ActiveCfg = Release|Any CPU
		{9EE28E45-1533-472B-8267-56C48855BA0E}.Release|iPhoneSimulator.Build.0 = Release|Any CPU
		{9EE28E45-1533-472B-8267-56C48855BA0E}.Release|x64.ActiveCfg = Release|Any CPU
		{9EE28E45-1533-472B-8267-56C48855BA0E}.Release|x64.Build.0 = Release|Any CPU
		{9EE28E45-1533-472B-8267-56C48855BA0E}.Release|x86.ActiveCfg = Release|Any CPU
		{9EE28E45-1533-472B-8267-56C48855BA0E}.Release|x86.Build.0 = Release|Any CPU
		{C0A7918D-B4F2-4E7F-8DE2-1E5279EF079F}.Ad-Hoc|Any CPU.ActiveCfg = Debug|Any CPU
		{C0A7918D-B4F2-4E7F-8DE2-1E5279EF079F}.Ad-Hoc|Any CPU.Build.0 = Debug|Any CPU
		{C0A7918D-B4F2-4E7F-8DE2-1E5279EF079F}.Ad-Hoc|ARM.ActiveCfg = Debug|Any CPU
		{C0A7918D-B4F2-4E7F-8DE2-1E5279EF079F}.Ad-Hoc|ARM.Build.0 = Debug|Any CPU
		{C0A7918D-B4F2-4E7F-8DE2-1E5279EF079F}.Ad-Hoc|iPhone.ActiveCfg = Debug|Any CPU
		{C0A7918D-B4F2-4E7F-8DE2-1E5279EF079F}.Ad-Hoc|iPhone.Build.0 = Debug|Any CPU
		{C0A7918D-B4F2-4E7F-8DE2-1E5279EF079F}.Ad-Hoc|iPhoneSimulator.ActiveCfg = Debug|Any CPU
		{C0A7918D-B4F2-4E7F-8DE2-1E5279EF079F}.Ad-Hoc|iPhoneSimulator.Build.0 = Debug|Any CPU
		{C0A7918D-B4F2-4E7F-8DE2-1E5279EF079F}.Ad-Hoc|x64.ActiveCfg = Debug|Any CPU
		{C0A7918D-B4F2-4E7F-8DE2-1E5279EF079F}.Ad-Hoc|x64.Build.0 = Debug|Any CPU
		{C0A7918D-B4F2-4E7F-8DE2-1E5279EF079F}.Ad-Hoc|x86.ActiveCfg = Debug|Any CPU
		{C0A7918D-B4F2-4E7F-8DE2-1E5279EF079F}.Ad-Hoc|x86.Build.0 = Debug|Any CPU
		{C0A7918D-B4F2-4E7F-8DE2-1E5279EF079F}.AppStore|Any CPU.ActiveCfg = Debug|Any CPU
		{C0A7918D-B4F2-4E7F-8DE2-1E5279EF079F}.AppStore|Any CPU.Build.0 = Debug|Any CPU
		{C0A7918D-B4F2-4E7F-8DE2-1E5279EF079F}.AppStore|ARM.ActiveCfg = Debug|Any CPU
		{C0A7918D-B4F2-4E7F-8DE2-1E5279EF079F}.AppStore|ARM.Build.0 = Debug|Any CPU
		{C0A7918D-B4F2-4E7F-8DE2-1E5279EF079F}.AppStore|iPhone.ActiveCfg = Debug|Any CPU
		{C0A7918D-B4F2-4E7F-8DE2-1E5279EF079F}.AppStore|iPhone.Build.0 = Debug|Any CPU
		{C0A7918D-B4F2-4E7F-8DE2-1E5279EF079F}.AppStore|iPhoneSimulator.ActiveCfg = Debug|Any CPU
		{C0A7918D-B4F2-4E7F-8DE2-1E5279EF079F}.AppStore|iPhoneSimulator.Build.0 = Debug|Any CPU
		{C0A7918D-B4F2-4E7F-8DE2-1E5279EF079F}.AppStore|x64.ActiveCfg = Debug|Any CPU
		{C0A7918D-B4F2-4E7F-8DE2-1E5279EF079F}.AppStore|x64.Build.0 = Debug|Any CPU
		{C0A7918D-B4F2-4E7F-8DE2-1E5279EF079F}.AppStore|x86.ActiveCfg = Debug|Any CPU
		{C0A7918D-B4F2-4E7F-8DE2-1E5279EF079F}.AppStore|x86.Build.0 = Debug|Any CPU
		{C0A7918D-B4F2-4E7F-8DE2-1E5279EF079F}.Debug|Any CPU.ActiveCfg = Debug|Any CPU
		{C0A7918D-B4F2-4E7F-8DE2-1E5279EF079F}.Debug|Any CPU.Build.0 = Debug|Any CPU
		{C0A7918D-B4F2-4E7F-8DE2-1E5279EF079F}.Debug|ARM.ActiveCfg = Debug|Any CPU
		{C0A7918D-B4F2-4E7F-8DE2-1E5279EF079F}.Debug|ARM.Build.0 = Debug|Any CPU
		{C0A7918D-B4F2-4E7F-8DE2-1E5279EF079F}.Debug|iPhone.ActiveCfg = Debug|Any CPU
		{C0A7918D-B4F2-4E7F-8DE2-1E5279EF079F}.Debug|iPhone.Build.0 = Debug|Any CPU
		{C0A7918D-B4F2-4E7F-8DE2-1E5279EF079F}.Debug|iPhoneSimulator.ActiveCfg = Debug|Any CPU
		{C0A7918D-B4F2-4E7F-8DE2-1E5279EF079F}.Debug|iPhoneSimulator.Build.0 = Debug|Any CPU
		{C0A7918D-B4F2-4E7F-8DE2-1E5279EF079F}.Debug|x64.ActiveCfg = Debug|Any CPU
		{C0A7918D-B4F2-4E7F-8DE2-1E5279EF079F}.Debug|x64.Build.0 = Debug|Any CPU
		{C0A7918D-B4F2-4E7F-8DE2-1E5279EF079F}.Debug|x86.ActiveCfg = Debug|Any CPU
		{C0A7918D-B4F2-4E7F-8DE2-1E5279EF079F}.Debug|x86.Build.0 = Debug|Any CPU
		{C0A7918D-B4F2-4E7F-8DE2-1E5279EF079F}.Release|Any CPU.ActiveCfg = Release|Any CPU
		{C0A7918D-B4F2-4E7F-8DE2-1E5279EF079F}.Release|Any CPU.Build.0 = Release|Any CPU
		{C0A7918D-B4F2-4E7F-8DE2-1E5279EF079F}.Release|ARM.ActiveCfg = Release|Any CPU
		{C0A7918D-B4F2-4E7F-8DE2-1E5279EF079F}.Release|ARM.Build.0 = Release|Any CPU
		{C0A7918D-B4F2-4E7F-8DE2-1E5279EF079F}.Release|iPhone.ActiveCfg = Release|Any CPU
		{C0A7918D-B4F2-4E7F-8DE2-1E5279EF079F}.Release|iPhone.Build.0 = Release|Any CPU
		{C0A7918D-B4F2-4E7F-8DE2-1E5279EF079F}.Release|iPhoneSimulator.ActiveCfg = Release|Any CPU
		{C0A7918D-B4F2-4E7F-8DE2-1E5279EF079F}.Release|iPhoneSimulator.Build.0 = Release|Any CPU
		{C0A7918D-B4F2-4E7F-8DE2-1E5279EF079F}.Release|x64.ActiveCfg = Release|Any CPU
		{C0A7918D-B4F2-4E7F-8DE2-1E5279EF079F}.Release|x64.Build.0 = Release|Any CPU
		{C0A7918D-B4F2-4E7F-8DE2-1E5279EF079F}.Release|x86.ActiveCfg = Release|Any CPU
		{C0A7918D-B4F2-4E7F-8DE2-1E5279EF079F}.Release|x86.Build.0 = Release|Any CPU
		{15F4B3AA-89B6-4A0D-9051-414305974781}.Ad-Hoc|Any CPU.ActiveCfg = Debug|Any CPU
		{15F4B3AA-89B6-4A0D-9051-414305974781}.Ad-Hoc|Any CPU.Build.0 = Debug|Any CPU
		{15F4B3AA-89B6-4A0D-9051-414305974781}.Ad-Hoc|ARM.ActiveCfg = Debug|Any CPU
		{15F4B3AA-89B6-4A0D-9051-414305974781}.Ad-Hoc|ARM.Build.0 = Debug|Any CPU
		{15F4B3AA-89B6-4A0D-9051-414305974781}.Ad-Hoc|iPhone.ActiveCfg = Debug|Any CPU
		{15F4B3AA-89B6-4A0D-9051-414305974781}.Ad-Hoc|iPhone.Build.0 = Debug|Any CPU
		{15F4B3AA-89B6-4A0D-9051-414305974781}.Ad-Hoc|iPhoneSimulator.ActiveCfg = Debug|Any CPU
		{15F4B3AA-89B6-4A0D-9051-414305974781}.Ad-Hoc|iPhoneSimulator.Build.0 = Debug|Any CPU
		{15F4B3AA-89B6-4A0D-9051-414305974781}.Ad-Hoc|x64.ActiveCfg = Debug|Any CPU
		{15F4B3AA-89B6-4A0D-9051-414305974781}.Ad-Hoc|x64.Build.0 = Debug|Any CPU
		{15F4B3AA-89B6-4A0D-9051-414305974781}.Ad-Hoc|x86.ActiveCfg = Debug|Any CPU
		{15F4B3AA-89B6-4A0D-9051-414305974781}.Ad-Hoc|x86.Build.0 = Debug|Any CPU
		{15F4B3AA-89B6-4A0D-9051-414305974781}.AppStore|Any CPU.ActiveCfg = Debug|Any CPU
		{15F4B3AA-89B6-4A0D-9051-414305974781}.AppStore|Any CPU.Build.0 = Debug|Any CPU
		{15F4B3AA-89B6-4A0D-9051-414305974781}.AppStore|ARM.ActiveCfg = Debug|Any CPU
		{15F4B3AA-89B6-4A0D-9051-414305974781}.AppStore|ARM.Build.0 = Debug|Any CPU
		{15F4B3AA-89B6-4A0D-9051-414305974781}.AppStore|iPhone.ActiveCfg = Debug|Any CPU
		{15F4B3AA-89B6-4A0D-9051-414305974781}.AppStore|iPhone.Build.0 = Debug|Any CPU
		{15F4B3AA-89B6-4A0D-9051-414305974781}.AppStore|iPhoneSimulator.ActiveCfg = Debug|Any CPU
		{15F4B3AA-89B6-4A0D-9051-414305974781}.AppStore|iPhoneSimulator.Build.0 = Debug|Any CPU
		{15F4B3AA-89B6-4A0D-9051-414305974781}.AppStore|x64.ActiveCfg = Debug|Any CPU
		{15F4B3AA-89B6-4A0D-9051-414305974781}.AppStore|x64.Build.0 = Debug|Any CPU
		{15F4B3AA-89B6-4A0D-9051-414305974781}.AppStore|x86.ActiveCfg = Debug|Any CPU
		{15F4B3AA-89B6-4A0D-9051-414305974781}.AppStore|x86.Build.0 = Debug|Any CPU
		{15F4B3AA-89B6-4A0D-9051-414305974781}.Debug|Any CPU.ActiveCfg = Debug|Any CPU
		{15F4B3AA-89B6-4A0D-9051-414305974781}.Debug|Any CPU.Build.0 = Debug|Any CPU
		{15F4B3AA-89B6-4A0D-9051-414305974781}.Debug|ARM.ActiveCfg = Debug|Any CPU
		{15F4B3AA-89B6-4A0D-9051-414305974781}.Debug|ARM.Build.0 = Debug|Any CPU
		{15F4B3AA-89B6-4A0D-9051-414305974781}.Debug|iPhone.ActiveCfg = Debug|Any CPU
		{15F4B3AA-89B6-4A0D-9051-414305974781}.Debug|iPhone.Build.0 = Debug|Any CPU
		{15F4B3AA-89B6-4A0D-9051-414305974781}.Debug|iPhoneSimulator.ActiveCfg = Debug|Any CPU
		{15F4B3AA-89B6-4A0D-9051-414305974781}.Debug|iPhoneSimulator.Build.0 = Debug|Any CPU
		{15F4B3AA-89B6-4A0D-9051-414305974781}.Debug|x64.ActiveCfg = Debug|Any CPU
		{15F4B3AA-89B6-4A0D-9051-414305974781}.Debug|x64.Build.0 = Debug|Any CPU
		{15F4B3AA-89B6-4A0D-9051-414305974781}.Debug|x86.ActiveCfg = Debug|Any CPU
		{15F4B3AA-89B6-4A0D-9051-414305974781}.Debug|x86.Build.0 = Debug|Any CPU
		{15F4B3AA-89B6-4A0D-9051-414305974781}.Release|Any CPU.ActiveCfg = Release|Any CPU
		{15F4B3AA-89B6-4A0D-9051-414305974781}.Release|Any CPU.Build.0 = Release|Any CPU
		{15F4B3AA-89B6-4A0D-9051-414305974781}.Release|ARM.ActiveCfg = Release|Any CPU
		{15F4B3AA-89B6-4A0D-9051-414305974781}.Release|ARM.Build.0 = Release|Any CPU
		{15F4B3AA-89B6-4A0D-9051-414305974781}.Release|iPhone.ActiveCfg = Release|Any CPU
		{15F4B3AA-89B6-4A0D-9051-414305974781}.Release|iPhone.Build.0 = Release|Any CPU
		{15F4B3AA-89B6-4A0D-9051-414305974781}.Release|iPhoneSimulator.ActiveCfg = Release|Any CPU
		{15F4B3AA-89B6-4A0D-9051-414305974781}.Release|iPhoneSimulator.Build.0 = Release|Any CPU
		{15F4B3AA-89B6-4A0D-9051-414305974781}.Release|x64.ActiveCfg = Release|Any CPU
		{15F4B3AA-89B6-4A0D-9051-414305974781}.Release|x64.Build.0 = Release|Any CPU
		{15F4B3AA-89B6-4A0D-9051-414305974781}.Release|x86.ActiveCfg = Release|Any CPU
		{15F4B3AA-89B6-4A0D-9051-414305974781}.Release|x86.Build.0 = Release|Any CPU
		{12430C28-18F9-4EFF-8050-409766C51D28}.Ad-Hoc|Any CPU.ActiveCfg = Debug|Any CPU
		{12430C28-18F9-4EFF-8050-409766C51D28}.Ad-Hoc|Any CPU.Build.0 = Debug|Any CPU
		{12430C28-18F9-4EFF-8050-409766C51D28}.Ad-Hoc|ARM.ActiveCfg = Debug|Any CPU
		{12430C28-18F9-4EFF-8050-409766C51D28}.Ad-Hoc|ARM.Build.0 = Debug|Any CPU
		{12430C28-18F9-4EFF-8050-409766C51D28}.Ad-Hoc|iPhone.ActiveCfg = Debug|Any CPU
		{12430C28-18F9-4EFF-8050-409766C51D28}.Ad-Hoc|iPhone.Build.0 = Debug|Any CPU
		{12430C28-18F9-4EFF-8050-409766C51D28}.Ad-Hoc|iPhoneSimulator.ActiveCfg = Debug|Any CPU
		{12430C28-18F9-4EFF-8050-409766C51D28}.Ad-Hoc|iPhoneSimulator.Build.0 = Debug|Any CPU
		{12430C28-18F9-4EFF-8050-409766C51D28}.Ad-Hoc|x64.ActiveCfg = Debug|Any CPU
		{12430C28-18F9-4EFF-8050-409766C51D28}.Ad-Hoc|x64.Build.0 = Debug|Any CPU
		{12430C28-18F9-4EFF-8050-409766C51D28}.Ad-Hoc|x86.ActiveCfg = Debug|Any CPU
		{12430C28-18F9-4EFF-8050-409766C51D28}.Ad-Hoc|x86.Build.0 = Debug|Any CPU
		{12430C28-18F9-4EFF-8050-409766C51D28}.AppStore|Any CPU.ActiveCfg = Debug|Any CPU
		{12430C28-18F9-4EFF-8050-409766C51D28}.AppStore|Any CPU.Build.0 = Debug|Any CPU
		{12430C28-18F9-4EFF-8050-409766C51D28}.AppStore|ARM.ActiveCfg = Debug|Any CPU
		{12430C28-18F9-4EFF-8050-409766C51D28}.AppStore|ARM.Build.0 = Debug|Any CPU
		{12430C28-18F9-4EFF-8050-409766C51D28}.AppStore|iPhone.ActiveCfg = Debug|Any CPU
		{12430C28-18F9-4EFF-8050-409766C51D28}.AppStore|iPhone.Build.0 = Debug|Any CPU
		{12430C28-18F9-4EFF-8050-409766C51D28}.AppStore|iPhoneSimulator.ActiveCfg = Debug|Any CPU
		{12430C28-18F9-4EFF-8050-409766C51D28}.AppStore|iPhoneSimulator.Build.0 = Debug|Any CPU
		{12430C28-18F9-4EFF-8050-409766C51D28}.AppStore|x64.ActiveCfg = Debug|Any CPU
		{12430C28-18F9-4EFF-8050-409766C51D28}.AppStore|x64.Build.0 = Debug|Any CPU
		{12430C28-18F9-4EFF-8050-409766C51D28}.AppStore|x86.ActiveCfg = Debug|Any CPU
		{12430C28-18F9-4EFF-8050-409766C51D28}.AppStore|x86.Build.0 = Debug|Any CPU
		{12430C28-18F9-4EFF-8050-409766C51D28}.Debug|Any CPU.ActiveCfg = Debug|Any CPU
		{12430C28-18F9-4EFF-8050-409766C51D28}.Debug|Any CPU.Build.0 = Debug|Any CPU
		{12430C28-18F9-4EFF-8050-409766C51D28}.Debug|ARM.ActiveCfg = Debug|Any CPU
		{12430C28-18F9-4EFF-8050-409766C51D28}.Debug|ARM.Build.0 = Debug|Any CPU
		{12430C28-18F9-4EFF-8050-409766C51D28}.Debug|iPhone.ActiveCfg = Debug|Any CPU
		{12430C28-18F9-4EFF-8050-409766C51D28}.Debug|iPhone.Build.0 = Debug|Any CPU
		{12430C28-18F9-4EFF-8050-409766C51D28}.Debug|iPhoneSimulator.ActiveCfg = Debug|Any CPU
		{12430C28-18F9-4EFF-8050-409766C51D28}.Debug|iPhoneSimulator.Build.0 = Debug|Any CPU
		{12430C28-18F9-4EFF-8050-409766C51D28}.Debug|x64.ActiveCfg = Debug|Any CPU
		{12430C28-18F9-4EFF-8050-409766C51D28}.Debug|x64.Build.0 = Debug|Any CPU
		{12430C28-18F9-4EFF-8050-409766C51D28}.Debug|x86.ActiveCfg = Debug|Any CPU
		{12430C28-18F9-4EFF-8050-409766C51D28}.Debug|x86.Build.0 = Debug|Any CPU
		{12430C28-18F9-4EFF-8050-409766C51D28}.Release|Any CPU.ActiveCfg = Release|Any CPU
		{12430C28-18F9-4EFF-8050-409766C51D28}.Release|Any CPU.Build.0 = Release|Any CPU
		{12430C28-18F9-4EFF-8050-409766C51D28}.Release|ARM.ActiveCfg = Release|Any CPU
		{12430C28-18F9-4EFF-8050-409766C51D28}.Release|ARM.Build.0 = Release|Any CPU
		{12430C28-18F9-4EFF-8050-409766C51D28}.Release|iPhone.ActiveCfg = Release|Any CPU
		{12430C28-18F9-4EFF-8050-409766C51D28}.Release|iPhone.Build.0 = Release|Any CPU
		{12430C28-18F9-4EFF-8050-409766C51D28}.Release|iPhoneSimulator.ActiveCfg = Release|Any CPU
		{12430C28-18F9-4EFF-8050-409766C51D28}.Release|iPhoneSimulator.Build.0 = Release|Any CPU
		{12430C28-18F9-4EFF-8050-409766C51D28}.Release|x64.ActiveCfg = Release|Any CPU
		{12430C28-18F9-4EFF-8050-409766C51D28}.Release|x64.Build.0 = Release|Any CPU
		{12430C28-18F9-4EFF-8050-409766C51D28}.Release|x86.ActiveCfg = Release|Any CPU
		{12430C28-18F9-4EFF-8050-409766C51D28}.Release|x86.Build.0 = Release|Any CPU
		{8669FC3D-F5F2-4288-981C-8288181E0114}.Ad-Hoc|Any CPU.ActiveCfg = Debug|Any CPU
		{8669FC3D-F5F2-4288-981C-8288181E0114}.Ad-Hoc|Any CPU.Build.0 = Debug|Any CPU
		{8669FC3D-F5F2-4288-981C-8288181E0114}.Ad-Hoc|ARM.ActiveCfg = Debug|Any CPU
		{8669FC3D-F5F2-4288-981C-8288181E0114}.Ad-Hoc|ARM.Build.0 = Debug|Any CPU
		{8669FC3D-F5F2-4288-981C-8288181E0114}.Ad-Hoc|iPhone.ActiveCfg = Debug|Any CPU
		{8669FC3D-F5F2-4288-981C-8288181E0114}.Ad-Hoc|iPhone.Build.0 = Debug|Any CPU
		{8669FC3D-F5F2-4288-981C-8288181E0114}.Ad-Hoc|iPhoneSimulator.ActiveCfg = Debug|Any CPU
		{8669FC3D-F5F2-4288-981C-8288181E0114}.Ad-Hoc|iPhoneSimulator.Build.0 = Debug|Any CPU
		{8669FC3D-F5F2-4288-981C-8288181E0114}.Ad-Hoc|x64.ActiveCfg = Debug|Any CPU
		{8669FC3D-F5F2-4288-981C-8288181E0114}.Ad-Hoc|x64.Build.0 = Debug|Any CPU
		{8669FC3D-F5F2-4288-981C-8288181E0114}.Ad-Hoc|x86.ActiveCfg = Debug|Any CPU
		{8669FC3D-F5F2-4288-981C-8288181E0114}.Ad-Hoc|x86.Build.0 = Debug|Any CPU
		{8669FC3D-F5F2-4288-981C-8288181E0114}.AppStore|Any CPU.ActiveCfg = Debug|Any CPU
		{8669FC3D-F5F2-4288-981C-8288181E0114}.AppStore|Any CPU.Build.0 = Debug|Any CPU
		{8669FC3D-F5F2-4288-981C-8288181E0114}.AppStore|ARM.ActiveCfg = Debug|Any CPU
		{8669FC3D-F5F2-4288-981C-8288181E0114}.AppStore|ARM.Build.0 = Debug|Any CPU
		{8669FC3D-F5F2-4288-981C-8288181E0114}.AppStore|iPhone.ActiveCfg = Debug|Any CPU
		{8669FC3D-F5F2-4288-981C-8288181E0114}.AppStore|iPhone.Build.0 = Debug|Any CPU
		{8669FC3D-F5F2-4288-981C-8288181E0114}.AppStore|iPhoneSimulator.ActiveCfg = Debug|Any CPU
		{8669FC3D-F5F2-4288-981C-8288181E0114}.AppStore|iPhoneSimulator.Build.0 = Debug|Any CPU
		{8669FC3D-F5F2-4288-981C-8288181E0114}.AppStore|x64.ActiveCfg = Debug|Any CPU
		{8669FC3D-F5F2-4288-981C-8288181E0114}.AppStore|x64.Build.0 = Debug|Any CPU
		{8669FC3D-F5F2-4288-981C-8288181E0114}.AppStore|x86.ActiveCfg = Debug|Any CPU
		{8669FC3D-F5F2-4288-981C-8288181E0114}.AppStore|x86.Build.0 = Debug|Any CPU
		{8669FC3D-F5F2-4288-981C-8288181E0114}.Debug|Any CPU.ActiveCfg = Debug|Any CPU
		{8669FC3D-F5F2-4288-981C-8288181E0114}.Debug|Any CPU.Build.0 = Debug|Any CPU
		{8669FC3D-F5F2-4288-981C-8288181E0114}.Debug|ARM.ActiveCfg = Debug|Any CPU
		{8669FC3D-F5F2-4288-981C-8288181E0114}.Debug|ARM.Build.0 = Debug|Any CPU
		{8669FC3D-F5F2-4288-981C-8288181E0114}.Debug|iPhone.ActiveCfg = Debug|Any CPU
		{8669FC3D-F5F2-4288-981C-8288181E0114}.Debug|iPhone.Build.0 = Debug|Any CPU
		{8669FC3D-F5F2-4288-981C-8288181E0114}.Debug|iPhoneSimulator.ActiveCfg = Debug|Any CPU
		{8669FC3D-F5F2-4288-981C-8288181E0114}.Debug|iPhoneSimulator.Build.0 = Debug|Any CPU
		{8669FC3D-F5F2-4288-981C-8288181E0114}.Debug|x64.ActiveCfg = Debug|Any CPU
		{8669FC3D-F5F2-4288-981C-8288181E0114}.Debug|x64.Build.0 = Debug|Any CPU
		{8669FC3D-F5F2-4288-981C-8288181E0114}.Debug|x86.ActiveCfg = Debug|Any CPU
		{8669FC3D-F5F2-4288-981C-8288181E0114}.Debug|x86.Build.0 = Debug|Any CPU
		{8669FC3D-F5F2-4288-981C-8288181E0114}.Release|Any CPU.ActiveCfg = Release|Any CPU
		{8669FC3D-F5F2-4288-981C-8288181E0114}.Release|Any CPU.Build.0 = Release|Any CPU
		{8669FC3D-F5F2-4288-981C-8288181E0114}.Release|ARM.ActiveCfg = Release|Any CPU
		{8669FC3D-F5F2-4288-981C-8288181E0114}.Release|ARM.Build.0 = Release|Any CPU
		{8669FC3D-F5F2-4288-981C-8288181E0114}.Release|iPhone.ActiveCfg = Release|Any CPU
		{8669FC3D-F5F2-4288-981C-8288181E0114}.Release|iPhone.Build.0 = Release|Any CPU
		{8669FC3D-F5F2-4288-981C-8288181E0114}.Release|iPhoneSimulator.ActiveCfg = Release|Any CPU
		{8669FC3D-F5F2-4288-981C-8288181E0114}.Release|iPhoneSimulator.Build.0 = Release|Any CPU
		{8669FC3D-F5F2-4288-981C-8288181E0114}.Release|x64.ActiveCfg = Release|Any CPU
		{8669FC3D-F5F2-4288-981C-8288181E0114}.Release|x64.Build.0 = Release|Any CPU
		{8669FC3D-F5F2-4288-981C-8288181E0114}.Release|x86.ActiveCfg = Release|Any CPU
		{8669FC3D-F5F2-4288-981C-8288181E0114}.Release|x86.Build.0 = Release|Any CPU
	EndGlobalSection
	GlobalSection(SolutionProperties) = preSolution
		HideSolutionNode = FALSE
	EndGlobalSection
	GlobalSection(NestedProjects) = preSolution
		{91CF7717-08AB-4E65-B10E-0B426F01E2E8} = {932D8224-11F6-4D07-B109-DA28AD288A63}
		{E279BF0F-7F66-4F3A-A3AB-2CDA66C1CD04} = {932D8224-11F6-4D07-B109-DA28AD288A63}
		{24CD3B53-141E-4A07-9B0D-796641E1CF78} = {91CF7717-08AB-4E65-B10E-0B426F01E2E8}
		{A579E108-5445-403D-A407-339AC4D1611B} = {24CD3B53-141E-4A07-9B0D-796641E1CF78}
		{DB0EFB20-B024-4E5E-A75C-52143C131D25} = {932D8224-11F6-4D07-B109-DA28AD288A63}
		{807BB76E-B2BB-47A2-A57B-3D1B20FF5E7F} = {DB0EFB20-B024-4E5E-A75C-52143C131D25}
		{9EE28E45-1533-472B-8267-56C48855BA0E} = {807BB76E-B2BB-47A2-A57B-3D1B20FF5E7F}
		{C0A7918D-B4F2-4E7F-8DE2-1E5279EF079F} = {E279BF0F-7F66-4F3A-A3AB-2CDA66C1CD04}
		{1815B651-941C-466B-AE33-D1D7EEB8F77F} = {DB0EFB20-B024-4E5E-A75C-52143C131D25}
		{15F4B3AA-89B6-4A0D-9051-414305974781} = {1815B651-941C-466B-AE33-D1D7EEB8F77F}
		{77849D35-37D4-4802-81DC-9477B2775A40} = {932D8224-11F6-4D07-B109-DA28AD288A63}
		{BA730E2C-E3A8-4ADB-81D0-CDA9DE105737} = {91CF7717-08AB-4E65-B10E-0B426F01E2E8}
		{12430C28-18F9-4EFF-8050-409766C51D28} = {BA730E2C-E3A8-4ADB-81D0-CDA9DE105737}
		{BE9B4996-7C77-4397-98DE-F72539B44014} = {77849D35-37D4-4802-81DC-9477B2775A40}
		{8669FC3D-F5F2-4288-981C-8288181E0114} = {BE9B4996-7C77-4397-98DE-F72539B44014}
	EndGlobalSection
	GlobalSection(ExtensibilityGlobals) = postSolution
		SolutionGuid = {25728519-5F0F-4973-8A64-0A81EB4EA8D9}
	EndGlobalSection
EndGlobal
